// !$*UTF8*$!
{
	archiveVersion = 1;
	classes = {
	};
	objectVersion = 50;
	objects = {

/* Begin PBXBuildFile section */
		A08FA519242E73C20028230D /* DistrictViewController.swift in Sources */ = {isa = PBXBuildFile; fileRef = A08FA518242E73C20028230D /* DistrictViewController.swift */; };
		A08FA51D242E74080028230D /* Models.swift in Sources */ = {isa = PBXBuildFile; fileRef = A08FA51C242E74080028230D /* Models.swift */; };
		A08FA51F242E753C0028230D /* Services.swift in Sources */ = {isa = PBXBuildFile; fileRef = A08FA51E242E753C0028230D /* Services.swift */; };
		A08FA523242E7F850028230D /* AccountViewController.swift in Sources */ = {isa = PBXBuildFile; fileRef = A08FA522242E7F850028230D /* AccountViewController.swift */; };
		A08FA527242E88880028230D /* WebAppContainer.swift in Sources */ = {isa = PBXBuildFile; fileRef = A08FA526242E88880028230D /* WebAppContainer.swift */; };
		A08FA52A242E8C560028230D /* Main.storyboard in Resources */ = {isa = PBXBuildFile; fileRef = A08FA528242E8C560028230D /* Main.storyboard */; };
		A08FA52B242E8C560028230D /* SceneDelegate.swift in Sources */ = {isa = PBXBuildFile; fileRef = A08FA529242E8C560028230D /* SceneDelegate.swift */; };
		A0FADB70242D02E00012DE85 /* AppDelegate.swift in Sources */ = {isa = PBXBuildFile; fileRef = A0FADB6F242D02E00012DE85 /* AppDelegate.swift */; };
		A0FADB74242D02E00012DE85 /* RootViewController.swift in Sources */ = {isa = PBXBuildFile; fileRef = A0FADB73242D02E00012DE85 /* RootViewController.swift */; };
		A0FADB79242D02E20012DE85 /* Assets.xcassets in Resources */ = {isa = PBXBuildFile; fileRef = A0FADB78242D02E20012DE85 /* Assets.xcassets */; };
		A0FADB7C242D02E20012DE85 /* LaunchScreen.storyboard in Resources */ = {isa = PBXBuildFile; fileRef = A0FADB7A242D02E20012DE85 /* LaunchScreen.storyboard */; };
/* End PBXBuildFile section */

/* Begin PBXFileReference section */
		A08FA518242E73C20028230D /* DistrictViewController.swift */ = {isa = PBXFileReference; lastKnownFileType = sourcecode.swift; path = DistrictViewController.swift; sourceTree = "<group>"; };
		A08FA51C242E74080028230D /* Models.swift */ = {isa = PBXFileReference; lastKnownFileType = sourcecode.swift; path = Models.swift; sourceTree = "<group>"; };
		A08FA51E242E753C0028230D /* Services.swift */ = {isa = PBXFileReference; lastKnownFileType = sourcecode.swift; path = Services.swift; sourceTree = "<group>"; };
		A08FA522242E7F850028230D /* AccountViewController.swift */ = {isa = PBXFileReference; lastKnownFileType = sourcecode.swift; path = AccountViewController.swift; sourceTree = "<group>"; };
		A08FA526242E88880028230D /* WebAppContainer.swift */ = {isa = PBXFileReference; lastKnownFileType = sourcecode.swift; path = WebAppContainer.swift; sourceTree = "<group>"; };
		A08FA528242E8C560028230D /* Main.storyboard */ = {isa = PBXFileReference; fileEncoding = 4; lastKnownFileType = file.storyboard; path = Main.storyboard; sourceTree = "<group>"; };
		A08FA529242E8C560028230D /* SceneDelegate.swift */ = {isa = PBXFileReference; fileEncoding = 4; lastKnownFileType = sourcecode.swift; path = SceneDelegate.swift; sourceTree = "<group>"; };
		A0FADB6C242D02E00012DE85 /* TEAMS Mobile.app */ = {isa = PBXFileReference; explicitFileType = wrapper.application; includeInIndex = 0; path = "TEAMS Mobile.app"; sourceTree = BUILT_PRODUCTS_DIR; };
		A0FADB6F242D02E00012DE85 /* AppDelegate.swift */ = {isa = PBXFileReference; lastKnownFileType = sourcecode.swift; path = AppDelegate.swift; sourceTree = "<group>"; };
		A0FADB73242D02E00012DE85 /* RootViewController.swift */ = {isa = PBXFileReference; lastKnownFileType = sourcecode.swift; path = RootViewController.swift; sourceTree = "<group>"; };
		A0FADB78242D02E20012DE85 /* Assets.xcassets */ = {isa = PBXFileReference; lastKnownFileType = folder.assetcatalog; path = Assets.xcassets; sourceTree = "<group>"; };
		A0FADB7B242D02E20012DE85 /* Base */ = {isa = PBXFileReference; lastKnownFileType = file.storyboard; name = Base; path = Base.lproj/LaunchScreen.storyboard; sourceTree = "<group>"; };
		A0FADB7D242D02E20012DE85 /* Info.plist */ = {isa = PBXFileReference; lastKnownFileType = text.plist.xml; path = Info.plist; sourceTree = "<group>"; };
/* End PBXFileReference section */

/* Begin PBXFrameworksBuildPhase section */
		A0FADB69242D02E00012DE85 /* Frameworks */ = {
			isa = PBXFrameworksBuildPhase;
			buildActionMask = 2147483647;
			files = (
			);
			runOnlyForDeploymentPostprocessing = 0;
		};
/* End PBXFrameworksBuildPhase section */

/* Begin PBXGroup section */
		A08FA51A242E73EE0028230D /* Data */ = {
			isa = PBXGroup;
			children = (
			);
			path = Data;
			sourceTree = "<group>";
		};
		A0FADB63242D02E00012DE85 = {
			isa = PBXGroup;
			children = (
				A0FADB6E242D02E00012DE85 /* teams */,
				A0FADB6D242D02E00012DE85 /* Products */,
			);
			sourceTree = "<group>";
		};
		A0FADB6D242D02E00012DE85 /* Products */ = {
			isa = PBXGroup;
			children = (
				A0FADB6C242D02E00012DE85 /* TEAMS Mobile.app */,
			);
			name = Products;
			sourceTree = "<group>";
		};
		A0FADB6E242D02E00012DE85 /* teams */ = {
			isa = PBXGroup;
			children = (
				A08FA528242E8C560028230D /* Main.storyboard */,
				A08FA529242E8C560028230D /* SceneDelegate.swift */,
				A08FA51C242E74080028230D /* Models.swift */,
				A08FA51A242E73EE0028230D /* Data */,
				A0FADB6F242D02E00012DE85 /* AppDelegate.swift */,
				A0FADB73242D02E00012DE85 /* RootViewController.swift */,
				A0FADB78242D02E20012DE85 /* Assets.xcassets */,
				A0FADB7A242D02E20012DE85 /* LaunchScreen.storyboard */,
				A0FADB7D242D02E20012DE85 /* Info.plist */,
				A08FA518242E73C20028230D /* DistrictViewController.swift */,
				A08FA51E242E753C0028230D /* Services.swift */,
				A08FA522242E7F850028230D /* AccountViewController.swift */,
				A08FA526242E88880028230D /* WebAppContainer.swift */,
			);
			path = teams;
			sourceTree = "<group>";
		};
/* End PBXGroup section */

/* Begin PBXNativeTarget section */
		A0FADB6B242D02E00012DE85 /* teams */ = {
			isa = PBXNativeTarget;
			buildConfigurationList = A0FADB80242D02E20012DE85 /* Build configuration list for PBXNativeTarget "teams" */;
			buildPhases = (
				A0FADB68242D02E00012DE85 /* Sources */,
				A0FADB69242D02E00012DE85 /* Frameworks */,
				A0FADB6A242D02E00012DE85 /* Resources */,
			);
			buildRules = (
			);
			dependencies = (
			);
			name = teams;
			productName = teams;
			productReference = A0FADB6C242D02E00012DE85 /* TEAMS Mobile.app */;
			productType = "com.apple.product-type.application";
		};
/* End PBXNativeTarget section */

/* Begin PBXProject section */
		A0FADB64242D02E00012DE85 /* Project object */ = {
			isa = PBXProject;
			attributes = {
				LastSwiftUpdateCheck = 1130;
				LastUpgradeCheck = 1130;
				ORGANIZATIONNAME = "Frontline Education";
				TargetAttributes = {
					A0FADB6B242D02E00012DE85 = {
						CreatedOnToolsVersion = 11.3.1;
					};
				};
			};
			buildConfigurationList = A0FADB67242D02E00012DE85 /* Build configuration list for PBXProject "teams" */;
			compatibilityVersion = "Xcode 9.3";
			developmentRegion = en;
			hasScannedForEncodings = 0;
			knownRegions = (
				en,
				Base,
			);
			mainGroup = A0FADB63242D02E00012DE85;
			productRefGroup = A0FADB6D242D02E00012DE85 /* Products */;
			projectDirPath = "";
			projectRoot = "";
			targets = (
				A0FADB6B242D02E00012DE85 /* teams */,
			);
		};
/* End PBXProject section */

/* Begin PBXResourcesBuildPhase section */
		A0FADB6A242D02E00012DE85 /* Resources */ = {
			isa = PBXResourcesBuildPhase;
			buildActionMask = 2147483647;
			files = (
				A08FA52A242E8C560028230D /* Main.storyboard in Resources */,
				A0FADB7C242D02E20012DE85 /* LaunchScreen.storyboard in Resources */,
				A0FADB79242D02E20012DE85 /* Assets.xcassets in Resources */,
			);
			runOnlyForDeploymentPostprocessing = 0;
		};
/* End PBXResourcesBuildPhase section */

/* Begin PBXSourcesBuildPhase section */
		A0FADB68242D02E00012DE85 /* Sources */ = {
			isa = PBXSourcesBuildPhase;
			buildActionMask = 2147483647;
			files = (
				A0FADB74242D02E00012DE85 /* RootViewController.swift in Sources */,
				A08FA51F242E753C0028230D /* Services.swift in Sources */,
				A08FA523242E7F850028230D /* AccountViewController.swift in Sources */,
				A08FA527242E88880028230D /* WebAppContainer.swift in Sources */,
				A08FA51D242E74080028230D /* Models.swift in Sources */,
				A08FA519242E73C20028230D /* DistrictViewController.swift in Sources */,
				A0FADB70242D02E00012DE85 /* AppDelegate.swift in Sources */,
				A08FA52B242E8C560028230D /* SceneDelegate.swift in Sources */,
			);
			runOnlyForDeploymentPostprocessing = 0;
		};
/* End PBXSourcesBuildPhase section */

/* Begin PBXVariantGroup section */
		A0FADB7A242D02E20012DE85 /* LaunchScreen.storyboard */ = {
			isa = PBXVariantGroup;
			children = (
				A0FADB7B242D02E20012DE85 /* Base */,
			);
			name = LaunchScreen.storyboard;
			sourceTree = "<group>";
		};
/* End PBXVariantGroup section */

/* Begin XCBuildConfiguration section */
		A0FADB7E242D02E20012DE85 /* Debug */ = {
			isa = XCBuildConfiguration;
			buildSettings = {
				ALWAYS_SEARCH_USER_PATHS = NO;
				CLANG_ANALYZER_NONNULL = YES;
				CLANG_ANALYZER_NUMBER_OBJECT_CONVERSION = YES_AGGRESSIVE;
				CLANG_CXX_LANGUAGE_STANDARD = "gnu++14";
				CLANG_CXX_LIBRARY = "libc++";
				CLANG_ENABLE_MODULES = YES;
				CLANG_ENABLE_OBJC_ARC = YES;
				CLANG_ENABLE_OBJC_WEAK = YES;
				CLANG_WARN_BLOCK_CAPTURE_AUTORELEASING = YES;
				CLANG_WARN_BOOL_CONVERSION = YES;
				CLANG_WARN_COMMA = YES;
				CLANG_WARN_CONSTANT_CONVERSION = YES;
				CLANG_WARN_DEPRECATED_OBJC_IMPLEMENTATIONS = YES;
				CLANG_WARN_DIRECT_OBJC_ISA_USAGE = YES_ERROR;
				CLANG_WARN_DOCUMENTATION_COMMENTS = YES;
				CLANG_WARN_EMPTY_BODY = YES;
				CLANG_WARN_ENUM_CONVERSION = YES;
				CLANG_WARN_INFINITE_RECURSION = YES;
				CLANG_WARN_INT_CONVERSION = YES;
				CLANG_WARN_NON_LITERAL_NULL_CONVERSION = YES;
				CLANG_WARN_OBJC_IMPLICIT_RETAIN_SELF = YES;
				CLANG_WARN_OBJC_LITERAL_CONVERSION = YES;
				CLANG_WARN_OBJC_ROOT_CLASS = YES_ERROR;
				CLANG_WARN_RANGE_LOOP_ANALYSIS = YES;
				CLANG_WARN_STRICT_PROTOTYPES = YES;
				CLANG_WARN_SUSPICIOUS_MOVE = YES;
				CLANG_WARN_UNGUARDED_AVAILABILITY = YES_AGGRESSIVE;
				CLANG_WARN_UNREACHABLE_CODE = YES;
				CLANG_WARN__DUPLICATE_METHOD_MATCH = YES;
				COPY_PHASE_STRIP = NO;
				DEBUG_INFORMATION_FORMAT = dwarf;
				ENABLE_STRICT_OBJC_MSGSEND = YES;
				ENABLE_TESTABILITY = YES;
				GCC_C_LANGUAGE_STANDARD = gnu11;
				GCC_DYNAMIC_NO_PIC = NO;
				GCC_NO_COMMON_BLOCKS = YES;
				GCC_OPTIMIZATION_LEVEL = 0;
				GCC_PREPROCESSOR_DEFINITIONS = (
					"DEBUG=1",
					"$(inherited)",
				);
				GCC_WARN_64_TO_32_BIT_CONVERSION = YES;
				GCC_WARN_ABOUT_RETURN_TYPE = YES_ERROR;
				GCC_WARN_UNDECLARED_SELECTOR = YES;
				GCC_WARN_UNINITIALIZED_AUTOS = YES_AGGRESSIVE;
				GCC_WARN_UNUSED_FUNCTION = YES;
				GCC_WARN_UNUSED_VARIABLE = YES;
				IPHONEOS_DEPLOYMENT_TARGET = 13.2;
				MTL_ENABLE_DEBUG_INFO = INCLUDE_SOURCE;
				MTL_FAST_MATH = YES;
				ONLY_ACTIVE_ARCH = YES;
				SDKROOT = iphoneos;
				SWIFT_ACTIVE_COMPILATION_CONDITIONS = DEBUG;
				SWIFT_OPTIMIZATION_LEVEL = "-Onone";
			};
			name = Debug;
		};
		A0FADB7F242D02E20012DE85 /* Release */ = {
			isa = XCBuildConfiguration;
			buildSettings = {
				ALWAYS_SEARCH_USER_PATHS = NO;
				CLANG_ANALYZER_NONNULL = YES;
				CLANG_ANALYZER_NUMBER_OBJECT_CONVERSION = YES_AGGRESSIVE;
				CLANG_CXX_LANGUAGE_STANDARD = "gnu++14";
				CLANG_CXX_LIBRARY = "libc++";
				CLANG_ENABLE_MODULES = YES;
				CLANG_ENABLE_OBJC_ARC = YES;
				CLANG_ENABLE_OBJC_WEAK = YES;
				CLANG_WARN_BLOCK_CAPTURE_AUTORELEASING = YES;
				CLANG_WARN_BOOL_CONVERSION = YES;
				CLANG_WARN_COMMA = YES;
				CLANG_WARN_CONSTANT_CONVERSION = YES;
				CLANG_WARN_DEPRECATED_OBJC_IMPLEMENTATIONS = YES;
				CLANG_WARN_DIRECT_OBJC_ISA_USAGE = YES_ERROR;
				CLANG_WARN_DOCUMENTATION_COMMENTS = YES;
				CLANG_WARN_EMPTY_BODY = YES;
				CLANG_WARN_ENUM_CONVERSION = YES;
				CLANG_WARN_INFINITE_RECURSION = YES;
				CLANG_WARN_INT_CONVERSION = YES;
				CLANG_WARN_NON_LITERAL_NULL_CONVERSION = YES;
				CLANG_WARN_OBJC_IMPLICIT_RETAIN_SELF = YES;
				CLANG_WARN_OBJC_LITERAL_CONVERSION = YES;
				CLANG_WARN_OBJC_ROOT_CLASS = YES_ERROR;
				CLANG_WARN_RANGE_LOOP_ANALYSIS = YES;
				CLANG_WARN_STRICT_PROTOTYPES = YES;
				CLANG_WARN_SUSPICIOUS_MOVE = YES;
				CLANG_WARN_UNGUARDED_AVAILABILITY = YES_AGGRESSIVE;
				CLANG_WARN_UNREACHABLE_CODE = YES;
				CLANG_WARN__DUPLICATE_METHOD_MATCH = YES;
				COPY_PHASE_STRIP = NO;
				DEBUG_INFORMATION_FORMAT = "dwarf-with-dsym";
				ENABLE_NS_ASSERTIONS = NO;
				ENABLE_STRICT_OBJC_MSGSEND = YES;
				GCC_C_LANGUAGE_STANDARD = gnu11;
				GCC_NO_COMMON_BLOCKS = YES;
				GCC_WARN_64_TO_32_BIT_CONVERSION = YES;
				GCC_WARN_ABOUT_RETURN_TYPE = YES_ERROR;
				GCC_WARN_UNDECLARED_SELECTOR = YES;
				GCC_WARN_UNINITIALIZED_AUTOS = YES_AGGRESSIVE;
				GCC_WARN_UNUSED_FUNCTION = YES;
				GCC_WARN_UNUSED_VARIABLE = YES;
				IPHONEOS_DEPLOYMENT_TARGET = 13.2;
				MTL_ENABLE_DEBUG_INFO = NO;
				MTL_FAST_MATH = YES;
				SDKROOT = iphoneos;
				SWIFT_COMPILATION_MODE = wholemodule;
				SWIFT_OPTIMIZATION_LEVEL = "-O";
				VALIDATE_PRODUCT = YES;
			};
			name = Release;
		};
		A0FADB81242D02E20012DE85 /* Debug */ = {
			isa = XCBuildConfiguration;
			buildSettings = {
				ASSETCATALOG_COMPILER_APPICON_NAME = AppIcon;
				CODE_SIGN_STYLE = Automatic;
				DEVELOPMENT_TEAM = T49S3MZPMB;
				INFOPLIST_FILE = teams/Info.plist;
				IPHONEOS_DEPLOYMENT_TARGET = 11.0;
				LD_RUNPATH_SEARCH_PATHS = (
					"$(inherited)",
					"@executable_path/Frameworks",
				);
				MARKETING_VERSION = 1.1.2;
				PRODUCT_BUNDLE_IDENTIFIER = com.frontlineeducation.test;
				PRODUCT_NAME = "TEAMS Mobile";
				SWIFT_VERSION = 5.0;
				TARGETED_DEVICE_FAMILY = "1,2";
			};
			name = Debug;
		};
		A0FADB82242D02E20012DE85 /* Release */ = {
			isa = XCBuildConfiguration;
			buildSettings = {
				ASSETCATALOG_COMPILER_APPICON_NAME = AppIcon;
				CODE_SIGN_STYLE = Automatic;
				DEVELOPMENT_TEAM = T49S3MZPMB;
				INFOPLIST_FILE = teams/Info.plist;
				IPHONEOS_DEPLOYMENT_TARGET = 11.0;
				LD_RUNPATH_SEARCH_PATHS = (
					"$(inherited)",
					"@executable_path/Frameworks",
				);
				MARKETING_VERSION = 1.1.2;
				PRODUCT_BUNDLE_IDENTIFIER = com.frontlineeducation.test;
				PRODUCT_NAME = "TEAMS Mobile";
				SWIFT_VERSION = 5.0;
				TARGETED_DEVICE_FAMILY = "1,2";
			};
			name = Release;
		};
/* End XCBuildConfiguration section */

/* Begin XCConfigurationList section */
		A0FADB67242D02E00012DE85 /* Build configuration list for PBXProject "teams" */ = {
			isa = XCConfigurationList;
			buildConfigurations = (
				A0FADB7E242D02E20012DE85 /* Debug */,
				A0FADB7F242D02E20012DE85 /* Release */,
			);
			defaultConfigurationIsVisible = 0;
			defaultConfigurationName = Release;
		};
		A0FADB80242D02E20012DE85 /* Build configuration list for PBXNativeTarget "teams" */ = {
			isa = XCConfigurationList;
			buildConfigurations = (
				A0FADB81242D02E20012DE85 /* Debug */,
				A0FADB82242D02E20012DE85 /* Release */,
			);
			defaultConfigurationIsVisible = 0;
			defaultConfigurationName = Release;
		};
/* End XCConfigurationList section */
	};
	rootObject = A0FADB64242D02E00012DE85 /* Project object */;
}
